
Microsoft Visual Studio Solution File, Format Version 12.00
# Visual Studio 15
VisualStudioVersion = 15.0.28307.421
MinimumVisualStudioVersion = 10.0.40219.1
Project("{FAE04EC0-301F-11D3-BF4B-00C04F79EFBC}") = "Greedy", "Greedy\Greedy.csproj", "{F16C1A9F-C207-467F-AED5-0A918146FBB1}"
EndProject
Global
	GlobalSection(SolutionConfigurationPlatforms) = preSolution
		Debug|Any CPU = Debug|Any CPU
		Release|Any CPU = Release|Any CPU
	EndGlobalSection
	GlobalSection(ProjectConfigurationPlatforms) = postSolution
		{F16C1A9F-C207-467F-AED5-0A918146FBB1}.Debug|Any CPU.ActiveCfg = Debug|Any CPU
		{F16C1A9F-C207-467F-AED5-0A918146FBB1}.Debug|Any CPU.Build.0 = Debug|Any CPU
		{F16C1A9F-C207-467F-AED5-0A918146FBB1}.Release|Any CPU.ActiveCfg = Release|Any CPU
		{F16C1A9F-C207-467F-AED5-0A918146FBB1}.Release|Any CPU.Build.0 = Release|Any CPU
	EndGlobalSection
	GlobalSection(SolutionProperties) = preSolution
		HideSolutionNode = FALSE
	EndGlobalSection
	GlobalSection(ExtensibilityGlobals) = postSolution
		SolutionGuid = {340D56E7-9B5E-4820-A545-5346376BDB32}
	EndGlobalSection
EndGlobal
