
Microsoft Visual Studio Solution File, Format Version 12.00
# Visual Studio 15
VisualStudioVersion = 15.0.28307.329
MinimumVisualStudioVersion = 10.0.40219.1
Project("{FAE04EC0-301F-11D3-BF4B-00C04F79EFBC}") = "CodingKata", "CodingChallengesCs\CodingKata.csproj", "{3C931C53-8568-452F-A1FE-FD3365290A93}"
EndProject
Project("{FAE04EC0-301F-11D3-BF4B-00C04F79EFBC}") = "Hackerrank", "Hackerrank\Hackerrank.csproj", "{DFB52909-68D6-4F59-A9C0-3483F6DAEDC6}"
EndProject
Project("{FAE04EC0-301F-11D3-BF4B-00C04F79EFBC}") = "CodingInterviewQuestions", "CodingInterviewQuestions\CodingInterviewQuestions.csproj", "{3006C742-8D7E-4D78-A7AC-5620D6FDDEA3}"
EndProject
Project("{FAE04EC0-301F-11D3-BF4B-00C04F79EFBC}") = "Others", "Others\Others.csproj", "{0AF0D12B-462A-4FB0-86BB-09294A6E795D}"
EndProject
Global
	GlobalSection(SolutionConfigurationPlatforms) = preSolution
		Debug|Any CPU = Debug|Any CPU
		Release|Any CPU = Release|Any CPU
	EndGlobalSection
	GlobalSection(ProjectConfigurationPlatforms) = postSolution
		{3C931C53-8568-452F-A1FE-FD3365290A93}.Debug|Any CPU.ActiveCfg = Debug|Any CPU
		{3C931C53-8568-452F-A1FE-FD3365290A93}.Debug|Any CPU.Build.0 = Debug|Any CPU
		{3C931C53-8568-452F-A1FE-FD3365290A93}.Release|Any CPU.ActiveCfg = Release|Any CPU
		{3C931C53-8568-452F-A1FE-FD3365290A93}.Release|Any CPU.Build.0 = Release|Any CPU
		{DFB52909-68D6-4F59-A9C0-3483F6DAEDC6}.Debug|Any CPU.ActiveCfg = Debug|Any CPU
		{DFB52909-68D6-4F59-A9C0-3483F6DAEDC6}.Debug|Any CPU.Build.0 = Debug|Any CPU
		{DFB52909-68D6-4F59-A9C0-3483F6DAEDC6}.Release|Any CPU.ActiveCfg = Release|Any CPU
		{DFB52909-68D6-4F59-A9C0-3483F6DAEDC6}.Release|Any CPU.Build.0 = Release|Any CPU
		{3006C742-8D7E-4D78-A7AC-5620D6FDDEA3}.Debug|Any CPU.ActiveCfg = Debug|Any CPU
		{3006C742-8D7E-4D78-A7AC-5620D6FDDEA3}.Debug|Any CPU.Build.0 = Debug|Any CPU
		{3006C742-8D7E-4D78-A7AC-5620D6FDDEA3}.Release|Any CPU.ActiveCfg = Release|Any CPU
		{3006C742-8D7E-4D78-A7AC-5620D6FDDEA3}.Release|Any CPU.Build.0 = Release|Any CPU
		{0AF0D12B-462A-4FB0-86BB-09294A6E795D}.Debug|Any CPU.ActiveCfg = Debug|Any CPU
		{0AF0D12B-462A-4FB0-86BB-09294A6E795D}.Debug|Any CPU.Build.0 = Debug|Any CPU
		{0AF0D12B-462A-4FB0-86BB-09294A6E795D}.Release|Any CPU.ActiveCfg = Release|Any CPU
		{0AF0D12B-462A-4FB0-86BB-09294A6E795D}.Release|Any CPU.Build.0 = Release|Any CPU
	EndGlobalSection
	GlobalSection(SolutionProperties) = preSolution
		HideSolutionNode = FALSE
	EndGlobalSection
	GlobalSection(ExtensibilityGlobals) = postSolution
		SolutionGuid = {75AD0060-EDA1-4C25-906C-8057DC0A9FA7}
	EndGlobalSection
EndGlobal
