
Microsoft Visual Studio Solution File, Format Version 12.00
# Visual Studio 15
VisualStudioVersion = 15.0.28307.421
MinimumVisualStudioVersion = 10.0.40219.1
Project("{FAE04EC0-301F-11D3-BF4B-00C04F79EFBC}") = "NumarulDeAparitii", "DAQ\NumarulDeAparitii.csproj", "{206B9E7C-766F-4245-945E-D2AAD24613A2}"
EndProject
Project("{FAE04EC0-301F-11D3-BF4B-00C04F79EFBC}") = "InmultireaAdouaPolinoame", "InmultireaAdouaPolinoame\InmultireaAdouaPolinoame.csproj", "{FF59631A-A979-42CD-B9FC-FE3EBAC6784E}"
EndProject
Project("{FAE04EC0-301F-11D3-BF4B-00C04F79EFBC}") = "2AprocentC", "2AprocentC\2AprocentC.csproj", "{22448535-A01A-4C3B-88E6-645783F042DD}"
EndProject
Project("{FAE04EC0-301F-11D3-BF4B-00C04F79EFBC}") = "SumaValorilorImpare", "SumaValorilorImpare\SumaValorilorImpare.csproj", "{9C5FF6D4-A5C7-44DB-AC80-CDE7ABBF8673}"
EndProject
Project("{FAE04EC0-301F-11D3-BF4B-00C04F79EFBC}") = "VectorCrescator", "VectorCrescator\VectorCrescator.csproj", "{7A249FD3-12B7-4DB5-A3D8-599CFDDA4B9B}"
EndProject
Project("{FAE04EC0-301F-11D3-BF4B-00C04F79EFBC}") = "SumCifPar", "SumCifPar\SumCifPar.csproj", "{408BEB82-3602-4CA9-B3A8-4EF223A8D0D7}"
EndProject
Project("{FAE04EC0-301F-11D3-BF4B-00C04F79EFBC}") = "MergeSort", "MergeSort\MergeSort.csproj", "{8C232CA8-694E-4C80-9FED-FB7A51604209}"
EndProject
Global
	GlobalSection(SolutionConfigurationPlatforms) = preSolution
		Debug|Any CPU = Debug|Any CPU
		Release|Any CPU = Release|Any CPU
	EndGlobalSection
	GlobalSection(ProjectConfigurationPlatforms) = postSolution
		{206B9E7C-766F-4245-945E-D2AAD24613A2}.Debug|Any CPU.ActiveCfg = Debug|Any CPU
		{206B9E7C-766F-4245-945E-D2AAD24613A2}.Debug|Any CPU.Build.0 = Debug|Any CPU
		{206B9E7C-766F-4245-945E-D2AAD24613A2}.Release|Any CPU.ActiveCfg = Release|Any CPU
		{206B9E7C-766F-4245-945E-D2AAD24613A2}.Release|Any CPU.Build.0 = Release|Any CPU
		{FF59631A-A979-42CD-B9FC-FE3EBAC6784E}.Debug|Any CPU.ActiveCfg = Debug|Any CPU
		{FF59631A-A979-42CD-B9FC-FE3EBAC6784E}.Debug|Any CPU.Build.0 = Debug|Any CPU
		{FF59631A-A979-42CD-B9FC-FE3EBAC6784E}.Release|Any CPU.ActiveCfg = Release|Any CPU
		{FF59631A-A979-42CD-B9FC-FE3EBAC6784E}.Release|Any CPU.Build.0 = Release|Any CPU
		{22448535-A01A-4C3B-88E6-645783F042DD}.Debug|Any CPU.ActiveCfg = Debug|Any CPU
		{22448535-A01A-4C3B-88E6-645783F042DD}.Debug|Any CPU.Build.0 = Debug|Any CPU
		{22448535-A01A-4C3B-88E6-645783F042DD}.Release|Any CPU.ActiveCfg = Release|Any CPU
		{22448535-A01A-4C3B-88E6-645783F042DD}.Release|Any CPU.Build.0 = Release|Any CPU
		{9C5FF6D4-A5C7-44DB-AC80-CDE7ABBF8673}.Debug|Any CPU.ActiveCfg = Debug|Any CPU
		{9C5FF6D4-A5C7-44DB-AC80-CDE7ABBF8673}.Debug|Any CPU.Build.0 = Debug|Any CPU
		{9C5FF6D4-A5C7-44DB-AC80-CDE7ABBF8673}.Release|Any CPU.ActiveCfg = Release|Any CPU
		{9C5FF6D4-A5C7-44DB-AC80-CDE7ABBF8673}.Release|Any CPU.Build.0 = Release|Any CPU
		{7A249FD3-12B7-4DB5-A3D8-599CFDDA4B9B}.Debug|Any CPU.ActiveCfg = Debug|Any CPU
		{7A249FD3-12B7-4DB5-A3D8-599CFDDA4B9B}.Debug|Any CPU.Build.0 = Debug|Any CPU
		{7A249FD3-12B7-4DB5-A3D8-599CFDDA4B9B}.Release|Any CPU.ActiveCfg = Release|Any CPU
		{7A249FD3-12B7-4DB5-A3D8-599CFDDA4B9B}.Release|Any CPU.Build.0 = Release|Any CPU
		{408BEB82-3602-4CA9-B3A8-4EF223A8D0D7}.Debug|Any CPU.ActiveCfg = Debug|Any CPU
		{408BEB82-3602-4CA9-B3A8-4EF223A8D0D7}.Debug|Any CPU.Build.0 = Debug|Any CPU
		{408BEB82-3602-4CA9-B3A8-4EF223A8D0D7}.Release|Any CPU.ActiveCfg = Release|Any CPU
		{408BEB82-3602-4CA9-B3A8-4EF223A8D0D7}.Release|Any CPU.Build.0 = Release|Any CPU
		{8C232CA8-694E-4C80-9FED-FB7A51604209}.Debug|Any CPU.ActiveCfg = Debug|Any CPU
		{8C232CA8-694E-4C80-9FED-FB7A51604209}.Debug|Any CPU.Build.0 = Debug|Any CPU
		{8C232CA8-694E-4C80-9FED-FB7A51604209}.Release|Any CPU.ActiveCfg = Release|Any CPU
		{8C232CA8-694E-4C80-9FED-FB7A51604209}.Release|Any CPU.Build.0 = Release|Any CPU
	EndGlobalSection
	GlobalSection(SolutionProperties) = preSolution
		HideSolutionNode = FALSE
	EndGlobalSection
	GlobalSection(ExtensibilityGlobals) = postSolution
		SolutionGuid = {3028837D-6954-45CB-8B11-56FCFDA505A5}
	EndGlobalSection
EndGlobal
